
Microsoft Visual Studio Solution File, Format Version 12.00
# Visual Studio 15
VisualStudioVersion = 15.0.28010.2036
MinimumVisualStudioVersion = 10.0.40219.1
Project("{FAE04EC0-301F-11D3-BF4B-00C04F79EFBC}") = "GoldRush", "GoldRush\GoldRush.csproj", "{F7F880E6-05A8-4CB5-8645-045B1A45840C}"
EndProject
Global
	GlobalSection(SolutionConfigurationPlatforms) = preSolution
		Debug|Any CPU = Debug|Any CPU
		Release|Any CPU = Release|Any CPU
	EndGlobalSection
	GlobalSection(ProjectConfigurationPlatforms) = postSolution
		{F7F880E6-05A8-4CB5-8645-045B1A45840C}.Debug|Any CPU.ActiveCfg = Debug|Any CPU
		{F7F880E6-05A8-4CB5-8645-045B1A45840C}.Debug|Any CPU.Build.0 = Debug|Any CPU
		{F7F880E6-05A8-4CB5-8645-045B1A45840C}.Release|Any CPU.ActiveCfg = Release|Any CPU
		{F7F880E6-05A8-4CB5-8645-045B1A45840C}.Release|Any CPU.Build.0 = Release|Any CPU
	EndGlobalSection
	GlobalSection(SolutionProperties) = preSolution
		HideSolutionNode = FALSE
	EndGlobalSection
	GlobalSection(ExtensibilityGlobals) = postSolution
		SolutionGuid = {C66C9518-745B-4F01-B014-7C3141059A94}
	EndGlobalSection
EndGlobal
